
Microsoft Visual Studio Solution File, Format Version 12.00
# Visual Studio Version 17
VisualStudioVersion = 17.2.32526.322
MinimumVisualStudioVersion = 10.0.40219.1
Project("{2150E333-8FDC-42A3-9474-1A3956D46DE8}") = "Presentation", "Presentation", "{651FFF34-84F2-4ED5-9896-1205472B1D63}"
EndProject
Project("{2150E333-8FDC-42A3-9474-1A3956D46DE8}") = "Core", "Core", "{AAE75BFE-1852-4C54-A673-A86FD792D76B}"
EndProject
Project("{2150E333-8FDC-42A3-9474-1A3956D46DE8}") = "Infrastructure", "Infrastructure", "{99F68C56-4BDA-411C-BB0D-8205CC7F11A6}"
EndProject
Project("{FAE04EC0-301F-11D3-BF4B-00C04F79EFBC}") = "Infrastructure.Persistence", "Infrastructure\Persistence\Infrastructure.Persistence\Infrastructure.Persistence.csproj", "{5F920385-5F04-45B9-9935-56BBD3317172}"
EndProject
Project("{FAE04EC0-301F-11D3-BF4B-00C04F79EFBC}") = "Core.Domain", "Core\Domain\Core.Domain\Core.Domain.csproj", "{CF2CD2D1-056A-404A-BBFE-A67C53EEAFE7}"
EndProject
Global
	GlobalSection(SolutionConfigurationPlatforms) = preSolution
		Debug|Any CPU = Debug|Any CPU
		Release|Any CPU = Release|Any CPU
	EndGlobalSection
	GlobalSection(ProjectConfigurationPlatforms) = postSolution
		{5F920385-5F04-45B9-9935-56BBD3317172}.Debug|Any CPU.ActiveCfg = Debug|Any CPU
		{5F920385-5F04-45B9-9935-56BBD3317172}.Debug|Any CPU.Build.0 = Debug|Any CPU
		{5F920385-5F04-45B9-9935-56BBD3317172}.Release|Any CPU.ActiveCfg = Release|Any CPU
		{5F920385-5F04-45B9-9935-56BBD3317172}.Release|Any CPU.Build.0 = Release|Any CPU
		{CF2CD2D1-056A-404A-BBFE-A67C53EEAFE7}.Debug|Any CPU.ActiveCfg = Debug|Any CPU
		{CF2CD2D1-056A-404A-BBFE-A67C53EEAFE7}.Debug|Any CPU.Build.0 = Debug|Any CPU
		{CF2CD2D1-056A-404A-BBFE-A67C53EEAFE7}.Release|Any CPU.ActiveCfg = Release|Any CPU
		{CF2CD2D1-056A-404A-BBFE-A67C53EEAFE7}.Release|Any CPU.Build.0 = Release|Any CPU
	EndGlobalSection
	GlobalSection(SolutionProperties) = preSolution
		HideSolutionNode = FALSE
	EndGlobalSection
	GlobalSection(NestedProjects) = preSolution
		{5F920385-5F04-45B9-9935-56BBD3317172} = {99F68C56-4BDA-411C-BB0D-8205CC7F11A6}
		{CF2CD2D1-056A-404A-BBFE-A67C53EEAFE7} = {AAE75BFE-1852-4C54-A673-A86FD792D76B}
	EndGlobalSection
	GlobalSection(ExtensibilityGlobals) = postSolution
		SolutionGuid = {2FCACCE9-ADC9-4ACE-9AEA-A0C0134404A6}
	EndGlobalSection
EndGlobal
